
Microsoft Visual Studio Solution File, Format Version 12.00
# Visual Studio Version 17
VisualStudioVersion = 17.12.35707.178 d17.12
MinimumVisualStudioVersion = 10.0.40219.1
Project("{2150E333-8FDC-42A3-9474-1A3956D46DE8}") = "Core", "Core", "{B70448B4-7762-42CC-B950-BFF4905FA75A}"
EndProject
Project("{2150E333-8FDC-42A3-9474-1A3956D46DE8}") = "Presentation", "Presentation", "{3554C073-3E73-480E-A9A5-FABC45028F3B}"
EndProject
Project("{2150E333-8FDC-42A3-9474-1A3956D46DE8}") = "Infrastructure", "Infrastructure", "{9D8BBC49-9A23-47BD-955E-10F793B33F27}"
EndProject
Project("{FAE04EC0-301F-11D3-BF4B-00C04F79EFBC}") = "Domain", "Core\Domain\Domain.csproj", "{61CA246A-A9CF-4585-BA59-79285DFB339B}"
EndProject
Project("{FAE04EC0-301F-11D3-BF4B-00C04F79EFBC}") = "Application", "Core\Application\Application.csproj", "{EED413F8-CA93-4B81-AD9E-A9422AF1E3CA}"
EndProject
Project("{FAE04EC0-301F-11D3-BF4B-00C04F79EFBC}") = "Infrastructure", "Infrastructure\Infrastructure\Infrastructure.csproj", "{4ED2BA63-8CAF-4FB6-814E-1D3D1A06FAA8}"
EndProject
Project("{FAE04EC0-301F-11D3-BF4B-00C04F79EFBC}") = "Persistence", "Infrastructure\Persistence\Persistence.csproj", "{0AABFB20-2FF3-44CF-8B38-67E9B2FF86B8}"
EndProject
Project("{FAE04EC0-301F-11D3-BF4B-00C04F79EFBC}") = "WebAPI", "Presentation\WebAPI\WebAPI.csproj", "{9411ED1E-ECC0-483C-8AD9-33D8AEA11B65}"
EndProject
Global
	GlobalSection(SolutionConfigurationPlatforms) = preSolution
		Debug|Any CPU = Debug|Any CPU
		Release|Any CPU = Release|Any CPU
	EndGlobalSection
	GlobalSection(ProjectConfigurationPlatforms) = postSolution
		{61CA246A-A9CF-4585-BA59-79285DFB339B}.Debug|Any CPU.ActiveCfg = Debug|Any CPU
		{61CA246A-A9CF-4585-BA59-79285DFB339B}.Debug|Any CPU.Build.0 = Debug|Any CPU
		{61CA246A-A9CF-4585-BA59-79285DFB339B}.Release|Any CPU.ActiveCfg = Release|Any CPU
		{61CA246A-A9CF-4585-BA59-79285DFB339B}.Release|Any CPU.Build.0 = Release|Any CPU
		{EED413F8-CA93-4B81-AD9E-A9422AF1E3CA}.Debug|Any CPU.ActiveCfg = Debug|Any CPU
		{EED413F8-CA93-4B81-AD9E-A9422AF1E3CA}.Debug|Any CPU.Build.0 = Debug|Any CPU
		{EED413F8-CA93-4B81-AD9E-A9422AF1E3CA}.Release|Any CPU.ActiveCfg = Release|Any CPU
		{EED413F8-CA93-4B81-AD9E-A9422AF1E3CA}.Release|Any CPU.Build.0 = Release|Any CPU
		{4ED2BA63-8CAF-4FB6-814E-1D3D1A06FAA8}.Debug|Any CPU.ActiveCfg = Debug|Any CPU
		{4ED2BA63-8CAF-4FB6-814E-1D3D1A06FAA8}.Debug|Any CPU.Build.0 = Debug|Any CPU
		{4ED2BA63-8CAF-4FB6-814E-1D3D1A06FAA8}.Release|Any CPU.ActiveCfg = Release|Any CPU
		{4ED2BA63-8CAF-4FB6-814E-1D3D1A06FAA8}.Release|Any CPU.Build.0 = Release|Any CPU
		{0AABFB20-2FF3-44CF-8B38-67E9B2FF86B8}.Debug|Any CPU.ActiveCfg = Debug|Any CPU
		{0AABFB20-2FF3-44CF-8B38-67E9B2FF86B8}.Debug|Any CPU.Build.0 = Debug|Any CPU
		{0AABFB20-2FF3-44CF-8B38-67E9B2FF86B8}.Release|Any CPU.ActiveCfg = Release|Any CPU
		{0AABFB20-2FF3-44CF-8B38-67E9B2FF86B8}.Release|Any CPU.Build.0 = Release|Any CPU
		{9411ED1E-ECC0-483C-8AD9-33D8AEA11B65}.Debug|Any CPU.ActiveCfg = Debug|Any CPU
		{9411ED1E-ECC0-483C-8AD9-33D8AEA11B65}.Debug|Any CPU.Build.0 = Debug|Any CPU
		{9411ED1E-ECC0-483C-8AD9-33D8AEA11B65}.Release|Any CPU.ActiveCfg = Release|Any CPU
		{9411ED1E-ECC0-483C-8AD9-33D8AEA11B65}.Release|Any CPU.Build.0 = Release|Any CPU
	EndGlobalSection
	GlobalSection(SolutionProperties) = preSolution
		HideSolutionNode = FALSE
	EndGlobalSection
	GlobalSection(NestedProjects) = preSolution
		{61CA246A-A9CF-4585-BA59-79285DFB339B} = {B70448B4-7762-42CC-B950-BFF4905FA75A}
		{EED413F8-CA93-4B81-AD9E-A9422AF1E3CA} = {B70448B4-7762-42CC-B950-BFF4905FA75A}
		{4ED2BA63-8CAF-4FB6-814E-1D3D1A06FAA8} = {9D8BBC49-9A23-47BD-955E-10F793B33F27}
		{0AABFB20-2FF3-44CF-8B38-67E9B2FF86B8} = {9D8BBC49-9A23-47BD-955E-10F793B33F27}
		{9411ED1E-ECC0-483C-8AD9-33D8AEA11B65} = {3554C073-3E73-480E-A9A5-FABC45028F3B}
	EndGlobalSection
EndGlobal
